# This file was autogenerated by Stack.
# You should not edit this file by hand.
# For more information, please see the documentation at:
#   https://docs.haskellstack.org/en/stable/lock_files

packages:
- completed:
    hackage: transformers-0.6.1.1@sha256:80d128763c6965dfcddca2155b3dec3bb1970d476f0c8cceb4bb28608ab75e7c,3243
    pantry-tree:
      sha256: 15329dcbb7ca7b8e7ccd1ecc81145c8e7f3915df40c4433750c53c84dd3c21d4
      size: 2567
  original:
    hackage: transformers-0.6.1.1@sha256:80d128763c6965dfcddca2155b3dec3bb1970d476f0c8cceb4bb28608ab75e7c,3243
snapshots:
- completed:
    sha256: afd5ba64ab602cabc2d3942d3d7e7dd6311bc626dcb415b901eaf576cb62f0ea
    size: 640060
    url: https://raw.githubusercontent.com/commercialhaskell/stackage-snapshots/master/lts/21/22.yaml
  original: lts-21.22
